
Microsoft Visual Studio Solution File, Format Version 12.00
# Visual Studio Version 17
VisualStudioVersion = 17.12.35521.163
MinimumVisualStudioVersion = 10.0.40219.1
Project("{FAE04EC0-301F-11D3-BF4B-00C04F79EFBC}") = "DiegoG.ToDoListBot", "DiegoG.ToDoListBot\DiegoG.ToDoListBot.csproj", "{BDF4AEE6-9793-4526-BFE6-6DA2B088537E}"
EndProject
Project("{2150E333-8FDC-42A3-9474-1A3956D46DE8}") = "External", "External", "{AA65A011-AD35-47FA-84B0-17FA6B31754E}"
EndProject
Project("{FAE04EC0-301F-11D3-BF4B-00C04F79EFBC}") = "GLV.Shared.Common", "..\GLV.Shared\GLV.Shared.Common\GLV.Shared.Common.csproj", "{330DAC93-EB95-4DAC-82C6-BE2B48BF41DA}"
EndProject
Project("{FAE04EC0-301F-11D3-BF4B-00C04F79EFBC}") = "GLV.Shared.Data", "..\GLV.Shared\GLV.Shared.Data\GLV.Shared.Data.csproj", "{40276CE9-8816-45F6-A052-1875A490BAD9}"
EndProject
Project("{FAE04EC0-301F-11D3-BF4B-00C04F79EFBC}") = "GLV.Shared.EntityFramework", "..\GLV.Shared\GLV.Shared.EntityFramework\GLV.Shared.EntityFramework.csproj", "{0593C44E-2654-441E-A36F-53B7471CEF30}"
EndProject
Project("{FAE04EC0-301F-11D3-BF4B-00C04F79EFBC}") = "GLV.Shared.Hosting", "..\GLV.Shared\GLV.Shared.Hosting\GLV.Shared.Hosting.csproj", "{07BC5D73-BA2A-4401-83BA-D35C613A605B}"
EndProject
Project("{2150E333-8FDC-42A3-9474-1A3956D46DE8}") = "Sandbox", "Sandbox", "{445CD1F1-2810-4730-BF9A-752E373FF94D}"
EndProject
Project("{FAE04EC0-301F-11D3-BF4B-00C04F79EFBC}") = "GLV.Shared.ChatBot", "..\GLV.Shared\GLV.Shared.ChatBot\GLV.Shared.ChatBot.csproj", "{93101943-E245-4FC6-9ECF-DF3FADB57F98}"
EndProject
Project("{FAE04EC0-301F-11D3-BF4B-00C04F79EFBC}") = "GLV.Shared.ChatBot.EntityFramework", "..\GLV.Shared\GLV.Shared.ChatBot.EntityFramework\GLV.Shared.ChatBot.EntityFramework.csproj", "{0A7EDCC2-5D6A-4171-AC38-6E32867A4980}"
EndProject
Project("{FAE04EC0-301F-11D3-BF4B-00C04F79EFBC}") = "GLV.Shared.ChatBot.Telegram", "..\GLV.Shared\GLV.Shared.ChatBot.Telegram\GLV.Shared.ChatBot.Telegram.csproj", "{C4208376-DF3D-45C7-95F3-3D6CFD07B123}"
EndProject
Project("{FAE04EC0-301F-11D3-BF4B-00C04F79EFBC}") = "DiegoG.ToDoListBot.Sandox", "DiegoG.ToDoListBot.Sandox\DiegoG.ToDoListBot.Sandox.csproj", "{4BFC05DC-C5FD-4DB1-9972-E78F0D8AF60C}"
EndProject
Global
	GlobalSection(SolutionConfigurationPlatforms) = preSolution
		Debug|Any CPU = Debug|Any CPU
		Release|Any CPU = Release|Any CPU
	EndGlobalSection
	GlobalSection(ProjectConfigurationPlatforms) = postSolution
		{BDF4AEE6-9793-4526-BFE6-6DA2B088537E}.Debug|Any CPU.ActiveCfg = Debug|Any CPU
		{BDF4AEE6-9793-4526-BFE6-6DA2B088537E}.Debug|Any CPU.Build.0 = Debug|Any CPU
		{BDF4AEE6-9793-4526-BFE6-6DA2B088537E}.Release|Any CPU.ActiveCfg = Release|Any CPU
		{BDF4AEE6-9793-4526-BFE6-6DA2B088537E}.Release|Any CPU.Build.0 = Release|Any CPU
		{330DAC93-EB95-4DAC-82C6-BE2B48BF41DA}.Debug|Any CPU.ActiveCfg = Debug|Any CPU
		{330DAC93-EB95-4DAC-82C6-BE2B48BF41DA}.Debug|Any CPU.Build.0 = Debug|Any CPU
		{330DAC93-EB95-4DAC-82C6-BE2B48BF41DA}.Release|Any CPU.ActiveCfg = Release|Any CPU
		{330DAC93-EB95-4DAC-82C6-BE2B48BF41DA}.Release|Any CPU.Build.0 = Release|Any CPU
		{40276CE9-8816-45F6-A052-1875A490BAD9}.Debug|Any CPU.ActiveCfg = Debug|Any CPU
		{40276CE9-8816-45F6-A052-1875A490BAD9}.Debug|Any CPU.Build.0 = Debug|Any CPU
		{40276CE9-8816-45F6-A052-1875A490BAD9}.Release|Any CPU.ActiveCfg = Release|Any CPU
		{40276CE9-8816-45F6-A052-1875A490BAD9}.Release|Any CPU.Build.0 = Release|Any CPU
		{0593C44E-2654-441E-A36F-53B7471CEF30}.Debug|Any CPU.ActiveCfg = Debug|Any CPU
		{0593C44E-2654-441E-A36F-53B7471CEF30}.Debug|Any CPU.Build.0 = Debug|Any CPU
		{0593C44E-2654-441E-A36F-53B7471CEF30}.Release|Any CPU.ActiveCfg = Release|Any CPU
		{0593C44E-2654-441E-A36F-53B7471CEF30}.Release|Any CPU.Build.0 = Release|Any CPU
		{07BC5D73-BA2A-4401-83BA-D35C613A605B}.Debug|Any CPU.ActiveCfg = Debug|Any CPU
		{07BC5D73-BA2A-4401-83BA-D35C613A605B}.Debug|Any CPU.Build.0 = Debug|Any CPU
		{07BC5D73-BA2A-4401-83BA-D35C613A605B}.Release|Any CPU.ActiveCfg = Release|Any CPU
		{07BC5D73-BA2A-4401-83BA-D35C613A605B}.Release|Any CPU.Build.0 = Release|Any CPU
		{93101943-E245-4FC6-9ECF-DF3FADB57F98}.Debug|Any CPU.ActiveCfg = Debug|Any CPU
		{93101943-E245-4FC6-9ECF-DF3FADB57F98}.Debug|Any CPU.Build.0 = Debug|Any CPU
		{93101943-E245-4FC6-9ECF-DF3FADB57F98}.Release|Any CPU.ActiveCfg = Release|Any CPU
		{93101943-E245-4FC6-9ECF-DF3FADB57F98}.Release|Any CPU.Build.0 = Release|Any CPU
		{0A7EDCC2-5D6A-4171-AC38-6E32867A4980}.Debug|Any CPU.ActiveCfg = Debug|Any CPU
		{0A7EDCC2-5D6A-4171-AC38-6E32867A4980}.Debug|Any CPU.Build.0 = Debug|Any CPU
		{0A7EDCC2-5D6A-4171-AC38-6E32867A4980}.Release|Any CPU.ActiveCfg = Release|Any CPU
		{0A7EDCC2-5D6A-4171-AC38-6E32867A4980}.Release|Any CPU.Build.0 = Release|Any CPU
		{C4208376-DF3D-45C7-95F3-3D6CFD07B123}.Debug|Any CPU.ActiveCfg = Debug|Any CPU
		{C4208376-DF3D-45C7-95F3-3D6CFD07B123}.Debug|Any CPU.Build.0 = Debug|Any CPU
		{C4208376-DF3D-45C7-95F3-3D6CFD07B123}.Release|Any CPU.ActiveCfg = Release|Any CPU
		{C4208376-DF3D-45C7-95F3-3D6CFD07B123}.Release|Any CPU.Build.0 = Release|Any CPU
		{4BFC05DC-C5FD-4DB1-9972-E78F0D8AF60C}.Debug|Any CPU.ActiveCfg = Debug|Any CPU
		{4BFC05DC-C5FD-4DB1-9972-E78F0D8AF60C}.Debug|Any CPU.Build.0 = Debug|Any CPU
		{4BFC05DC-C5FD-4DB1-9972-E78F0D8AF60C}.Release|Any CPU.ActiveCfg = Release|Any CPU
		{4BFC05DC-C5FD-4DB1-9972-E78F0D8AF60C}.Release|Any CPU.Build.0 = Release|Any CPU
	EndGlobalSection
	GlobalSection(SolutionProperties) = preSolution
		HideSolutionNode = FALSE
	EndGlobalSection
	GlobalSection(NestedProjects) = preSolution
		{330DAC93-EB95-4DAC-82C6-BE2B48BF41DA} = {AA65A011-AD35-47FA-84B0-17FA6B31754E}
		{40276CE9-8816-45F6-A052-1875A490BAD9} = {AA65A011-AD35-47FA-84B0-17FA6B31754E}
		{0593C44E-2654-441E-A36F-53B7471CEF30} = {AA65A011-AD35-47FA-84B0-17FA6B31754E}
		{07BC5D73-BA2A-4401-83BA-D35C613A605B} = {AA65A011-AD35-47FA-84B0-17FA6B31754E}
		{93101943-E245-4FC6-9ECF-DF3FADB57F98} = {AA65A011-AD35-47FA-84B0-17FA6B31754E}
		{0A7EDCC2-5D6A-4171-AC38-6E32867A4980} = {AA65A011-AD35-47FA-84B0-17FA6B31754E}
		{C4208376-DF3D-45C7-95F3-3D6CFD07B123} = {AA65A011-AD35-47FA-84B0-17FA6B31754E}
	EndGlobalSection
	GlobalSection(ExtensibilityGlobals) = postSolution
		SolutionGuid = {021B5017-E7FE-4F52-906A-DD52B8B66B0D}
	EndGlobalSection
EndGlobal
